#MicroXplorer Configuration settings - do not modify
File.Version=6
GPIO.groupedBy=Group By Peripherals
I2C1.I2C_Mode=I2C_Fast
I2C1.IPParameters=I2C_Mode
KeepUserPlacement=false
Mcu.CPN=STM32F103C8T6
Mcu.Family=STM32F1
Mcu.IP0=I2C1
Mcu.IP1=NVIC
Mcu.IP2=RCC
Mcu.IPNb=3
Mcu.Name=STM32F103C(8-B)Tx
Mcu.Package=LQFP48
Mcu.Pin0=PC13-TAMPER-RTC
Mcu.Pin1=PC14-OSC32_IN
Mcu.Pin10=PA11
Mcu.Pin11=PB6
Mcu.Pin12=PB7
Mcu.Pin2=PC15-OSC32_OUT
Mcu.Pin3=PB12
Mcu.Pin4=PB13
Mcu.Pin5=PB14
Mcu.Pin6=PB15
Mcu.Pin7=PA8
Mcu.Pin8=PA9
Mcu.Pin9=PA10
Mcu.PinsNb=13
Mcu.ThirdPartyNb=0
Mcu.UserConstants=
Mcu.UserName=STM32F103C8Tx
MxCube.Version=6.6.1
MxDb.Version=DB.6.0.60
NVIC.BusFault_IRQn=true\:0\:0\:false\:false\:true\:false\:false\:false
NVIC.DebugMonitor_IRQn=true\:0\:0\:false\:false\:true\:false\:false\:false
NVIC.EXTI15_10_IRQn=true\:0\:0\:false\:false\:true\:true\:true\:true
NVIC.ForceEnableDMAVector=true
NVIC.HardFault_IRQn=true\:0\:0\:false\:false\:true\:false\:false\:false
NVIC.MemoryManagement_IRQn=true\:0\:0\:false\:false\:true\:false\:false\:false
NVIC.NonMaskableInt_IRQn=true\:0\:0\:false\:false\:true\:false\:false\:false
NVIC.PendSV_IRQn=true\:0\:0\:false\:false\:true\:false\:false\:false
NVIC.PriorityGroup=NVIC_PRIORITYGROUP_4
NVIC.SVCall_IRQn=true\:0\:0\:false\:false\:true\:false\:false\:false
NVIC.SysTick_IRQn=true\:15\:0\:false\:false\:true\:false\:true\:false
NVIC.UsageFault_IRQn=true\:0\:0\:false\:false\:true\:false\:false\:false
PA10.GPIOParameters=PinState,GPIO_PuPd,GPIO_Label
PA10.GPIO_Label=Coluna3
PA10.GPIO_PuPd=GPIO_PULLUP
PA10.Locked=true
PA10.PinState=GPIO_PIN_SET
PA10.Signal=GPIO_Output
PA11.GPIOParameters=PinState,GPIO_PuPd,GPIO_Label
PA11.GPIO_Label=Coluna4
PA11.GPIO_PuPd=GPIO_PULLUP
PA11.Locked=true
PA11.PinState=GPIO_PIN_SET
PA11.Signal=GPIO_Output
PA8.GPIOParameters=PinState,GPIO_PuPd,GPIO_Label,GPIO_ModeDefaultOutputPP
PA8.GPIO_Label=Coluna1
PA8.GPIO_ModeDefaultOutputPP=GPIO_MODE_OUTPUT_PP
PA8.GPIO_PuPd=GPIO_PULLUP
PA8.Locked=true
PA8.PinState=GPIO_PIN_SET
PA8.Signal=GPIO_Output
PA9.GPIOParameters=PinState,GPIO_PuPd,GPIO_Label,GPIO_ModeDefaultOutputPP
PA9.GPIO_Label=Coluna2
PA9.GPIO_ModeDefaultOutputPP=GPIO_MODE_OUTPUT_PP
PA9.GPIO_PuPd=GPIO_PULLUP
PA9.Locked=true
PA9.PinState=GPIO_PIN_SET
PA9.Signal=GPIO_Output
PB12.GPIOParameters=GPIO_PuPd,GPIO_Label
PB12.GPIO_Label=Linha1
PB12.GPIO_PuPd=GPIO_PULLUP
PB12.Locked=true
PB12.Signal=GPIO_Input
PB13.GPIOParameters=GPIO_PuPd,GPIO_Label
PB13.GPIO_Label=Linha2
PB13.GPIO_PuPd=GPIO_PULLUP
PB13.Locked=true
PB13.Signal=GPIO_Input
PB14.GPIOParameters=GPIO_PuPd,GPIO_Label
PB14.GPIO_Label=Linha3
PB14.GPIO_PuPd=GPIO_PULLUP
PB14.Locked=true
PB14.Signal=GPIO_Input
PB15.GPIOParameters=GPIO_PuPd,GPIO_Label
PB15.GPIO_Label=Linha4
PB15.GPIO_PuPd=GPIO_PULLUP
PB15.Locked=true
PB15.Signal=GPIO_Input
PB6.Mode=I2C
PB6.Signal=I2C1_SCL
PB7.Mode=I2C
PB7.Signal=I2C1_SDA
PC13-TAMPER-RTC.GPIOParameters=GPIO_PuPd,GPIO_Label,GPIO_ModeDefaultEXTI
PC13-TAMPER-RTC.GPIO_Label=sensorContagem
PC13-TAMPER-RTC.GPIO_ModeDefaultEXTI=GPIO_MODE_IT_FALLING
PC13-TAMPER-RTC.GPIO_PuPd=GPIO_PULLUP
PC13-TAMPER-RTC.Locked=true
PC13-TAMPER-RTC.Signal=GPXTI13
PC14-OSC32_IN.GPIOParameters=GPIO_PuPd,GPIO_Label,GPIO_ModeDefaultEXTI
PC14-OSC32_IN.GPIO_Label=sensor2
PC14-OSC32_IN.GPIO_ModeDefaultEXTI=GPIO_MODE_IT_FALLING
PC14-OSC32_IN.GPIO_PuPd=GPIO_PULLUP
PC14-OSC32_IN.Locked=true
PC14-OSC32_IN.Signal=GPXTI14
PC15-OSC32_OUT.GPIOParameters=GPIO_PuPd,GPIO_Label,GPIO_ModeDefaultEXTI
PC15-OSC32_OUT.GPIO_Label=sensor3
PC15-OSC32_OUT.GPIO_ModeDefaultEXTI=GPIO_MODE_IT_FALLING
PC15-OSC32_OUT.GPIO_PuPd=GPIO_PULLUP
PC15-OSC32_OUT.Locked=true
PC15-OSC32_OUT.Signal=GPXTI15
PinOutPanel.RotationAngle=0
ProjectManager.AskForMigrate=true
ProjectManager.BackupPrevious=false
ProjectManager.CompilerOptimize=6
ProjectManager.ComputerToolchain=false
ProjectManager.CoupleFile=false
ProjectManager.CustomerFirmwarePackage=
ProjectManager.DefaultFWLocation=true
ProjectManager.DeletePrevious=true
ProjectManager.DeviceId=STM32F103C8Tx
ProjectManager.FirmwarePackage=STM32Cube FW_F1 V1.8.5
ProjectManager.FreePins=false
ProjectManager.HalAssertFull=false
ProjectManager.HeapSize=0x200
ProjectManager.KeepUserCode=true
ProjectManager.LastFirmware=true
ProjectManager.LibraryCopy=1
ProjectManager.MainLocation=Core/Src
ProjectManager.NoMain=false
ProjectManager.PreviousToolchain=
ProjectManager.ProjectBuild=false
ProjectManager.ProjectFileName=ControleBobinadeiraVr03.ioc
ProjectManager.ProjectName=ControleBobinadeiraVr03
ProjectManager.RegisterCallBack=
ProjectManager.StackSize=0x400
ProjectManager.TargetToolchain=STM32CubeIDE
ProjectManager.ToolChainLocation=
ProjectManager.UnderRoot=true
ProjectManager.functionlistsort=1-SystemClock_Config-RCC-false-HAL-false,2-MX_GPIO_Init-GPIO-false-HAL-true,3-MX_I2C1_Init-I2C1-false-HAL-true
RCC.APB1Freq_Value=8000000
RCC.APB2Freq_Value=8000000
RCC.FamilyName=M
RCC.IPParameters=APB1Freq_Value,APB2Freq_Value,FamilyName,PLLCLKFreq_Value,PLLMCOFreq_Value,TimSysFreq_Value
RCC.PLLCLKFreq_Value=8000000
RCC.PLLMCOFreq_Value=4000000
RCC.TimSysFreq_Value=8000000
SH.GPXTI13.0=GPIO_EXTI13
SH.GPXTI13.ConfNb=1
SH.GPXTI14.0=GPIO_EXTI14
SH.GPXTI14.ConfNb=1
SH.GPXTI15.0=GPIO_EXTI15
SH.GPXTI15.ConfNb=1
board=custom
isbadioc=false
